
Microsoft Visual Studio Solution File, Format Version 12.00
# Visual Studio Version 17
VisualStudioVersion = 17.7.34221.43
MinimumVisualStudioVersion = 10.0.40219.1
Project("{FAE04EC0-301F-11D3-BF4B-00C04F79EFBC}") = "AutofacWebApiExample", "AutofacWebApiExample\AutofacWebApiExample.csproj", "{29D5044C-3A7F-4D5D-918E-EE3E5ECBD4E0}"
EndProject
Global
	GlobalSection(SolutionConfigurationPlatforms) = preSolution
		Debug|Any CPU = Debug|Any CPU
		Release|Any CPU = Release|Any CPU
	EndGlobalSection
	GlobalSection(ProjectConfigurationPlatforms) = postSolution
		{29D5044C-3A7F-4D5D-918E-EE3E5ECBD4E0}.Debug|Any CPU.ActiveCfg = Debug|Any CPU
		{29D5044C-3A7F-4D5D-918E-EE3E5ECBD4E0}.Debug|Any CPU.Build.0 = Debug|Any CPU
		{29D5044C-3A7F-4D5D-918E-EE3E5ECBD4E0}.Release|Any CPU.ActiveCfg = Release|Any CPU
		{29D5044C-3A7F-4D5D-918E-EE3E5ECBD4E0}.Release|Any CPU.Build.0 = Release|Any CPU
	EndGlobalSection
	GlobalSection(SolutionProperties) = preSolution
		HideSolutionNode = FALSE
	EndGlobalSection
	GlobalSection(ExtensibilityGlobals) = postSolution
		SolutionGuid = {19CD3FE4-9D8C-4A09-97CA-9324F58B15AE}
	EndGlobalSection
EndGlobal
